
Microsoft Visual Studio Solution File, Format Version 12.00
# Visual Studio Version 17
VisualStudioVersion = 17.0.31903.59
MinimumVisualStudioVersion = 10.0.40219.1
Project("{9A19103F-16F7-4668-BE54-9A1E7A4F7556}") = "Baigiamasis_Darbas", "Baigiamasis_Darbas.csproj", "{82F2C06C-BA7F-4AF5-8A1F-A1547834873C}"
EndProject
Project("{FAE04EC0-301F-11D3-BF4B-00C04F79EFBC}") = "Testai", "..\Testai\Testai.csproj", "{03B73BC1-F220-4320-A4F9-35F5A3B63BF7}"
	ProjectSection(ProjectDependencies) = postProject
		{82F2C06C-BA7F-4AF5-8A1F-A1547834873C} = {82F2C06C-BA7F-4AF5-8A1F-A1547834873C}
	EndProjectSection
EndProject
Global
	GlobalSection(SolutionConfigurationPlatforms) = preSolution
		Debug|Any CPU = Debug|Any CPU
		Release|Any CPU = Release|Any CPU
	EndGlobalSection
	GlobalSection(ProjectConfigurationPlatforms) = postSolution
		{82F2C06C-BA7F-4AF5-8A1F-A1547834873C}.Debug|Any CPU.ActiveCfg = Debug|Any CPU
		{82F2C06C-BA7F-4AF5-8A1F-A1547834873C}.Debug|Any CPU.Build.0 = Debug|Any CPU
		{82F2C06C-BA7F-4AF5-8A1F-A1547834873C}.Release|Any CPU.ActiveCfg = Release|Any CPU
		{82F2C06C-BA7F-4AF5-8A1F-A1547834873C}.Release|Any CPU.Build.0 = Release|Any CPU
		{03B73BC1-F220-4320-A4F9-35F5A3B63BF7}.Debug|Any CPU.ActiveCfg = Debug|Any CPU
		{03B73BC1-F220-4320-A4F9-35F5A3B63BF7}.Debug|Any CPU.Build.0 = Debug|Any CPU
		{03B73BC1-F220-4320-A4F9-35F5A3B63BF7}.Release|Any CPU.ActiveCfg = Release|Any CPU
		{03B73BC1-F220-4320-A4F9-35F5A3B63BF7}.Release|Any CPU.Build.0 = Release|Any CPU
	EndGlobalSection
	GlobalSection(SolutionProperties) = preSolution
		HideSolutionNode = FALSE
	EndGlobalSection
	GlobalSection(ExtensibilityGlobals) = postSolution
		SolutionGuid = {E6E4AC5A-BF18-40EE-8140-6F960BA1342E}
	EndGlobalSection
EndGlobal
